
Microsoft Visual Studio Solution File, Format Version 12.00
# Visual Studio Version 17
VisualStudioVersion = 17.0.31903.59
MinimumVisualStudioVersion = 10.0.40219.1
Project("{2150E333-8FDC-42A3-9474-1A3956D46DE8}") = "src", "src", "{2F90F48C-B487-4FDB-8DE2-C829DE90B5FE}"
EndProject
Project("{FAE04EC0-301F-11D3-BF4B-00C04F79EFBC}") = "NosAi.Protocol", "src\NosAi.Protocol\NosAi.Protocol.csproj", "{FB3715AB-9988-4BCF-AE50-017657863745}"
EndProject
Project("{FAE04EC0-301F-11D3-BF4B-00C04F79EFBC}") = "NosAi.Runtime", "src\NosAi.Runtime\NosAi.Runtime.csproj", "{8F7ED431-9A11-475F-8900-D8E0C35F71CD}"
EndProject
Project("{FAE04EC0-301F-11D3-BF4B-00C04F79EFBC}") = "NosAi.ControlPanel", "src\NosAi.ControlPanel\NosAi.ControlPanel.csproj", "{CE7F129E-647A-412B-A931-C31C8BE39146}"
EndProject
Project("{2150E333-8FDC-42A3-9474-1A3956D46DE8}") = "tests", "tests", "{77D1FB62-7E4D-46B7-AB8A-FADE2758C837}"
EndProject
Project("{FAE04EC0-301F-11D3-BF4B-00C04F79EFBC}") = "NosAi.Runtime.Tests", "tests\NosAi.Runtime.Tests\NosAi.Runtime.Tests.csproj", "{324BB4BC-D6B0-443C-86FC-09A00336E5AB}"
EndProject
Project("{FAE04EC0-301F-11D3-BF4B-00C04F79EFBC}") = "NosAi.ControlPanel.Tests", "tests\NosAi.ControlPanel.Tests\NosAi.ControlPanel.Tests.csproj", "{8D2681D5-4E93-43F4-8D2F-782B9923A722}"
EndProject
Project("{FAE04EC0-301F-11D3-BF4B-00C04F79EFBC}") = "NosAi.Core", "src\NosAi.Core\NosAi.Core.csproj", "{B79CC19A-2476-4C5B-8314-EF735DC4BDEC}"
EndProject
Project("{FAE04EC0-301F-11D3-BF4B-00C04F79EFBC}") = "NosAi.Storage", "src\NosAi.Storage\NosAi.Storage.csproj", "{45A7D481-198D-447A-B83C-36F526DC1C73}"
EndProject
Project("{FAE04EC0-301F-11D3-BF4B-00C04F79EFBC}") = "NosAi.Security", "src\NosAi.Security\NosAi.Security.csproj", "{5BB8DCDB-BAC8-437B-AF75-E0A66F858D26}"
EndProject
Project("{FAE04EC0-301F-11D3-BF4B-00C04F79EFBC}") = "NosAi.Adapter", "src\NosAi.Adapter\NosAi.Adapter.csproj", "{D8A777D6-A504-47CB-9639-9BCBB29A474A}"
EndProject
Project("{FAE04EC0-301F-11D3-BF4B-00C04F79EFBC}") = "NosAi.Host", "src\NosAi.Host\NosAi.Host.csproj", "{50833895-2657-4338-82C8-F9B25CF8248F}"
EndProject
Project("{FAE04EC0-301F-11D3-BF4B-00C04F79EFBC}") = "NosAi.Core.Tests", "tests\NosAi.Core.Tests\NosAi.Core.Tests.csproj", "{A40CBE8D-5867-426B-854C-958D67F751B1}"
EndProject
Project("{2150E333-8FDC-42A3-9474-1A3956D46DE8}") = "tools", "tools", "{ACBD0406-6364-4A1E-9086-814114B694BE}"
EndProject
Project("{FAE04EC0-301F-11D3-BF4B-00C04F79EFBC}") = "NosAi.Analyzers", "tools\NosAi.Analyzers\NosAi.Analyzers.csproj", "{D8896C40-4314-436C-9012-C8B904A38D2B}"
EndProject
Global
	GlobalSection(SolutionConfigurationPlatforms) = preSolution
		Debug|Any CPU = Debug|Any CPU
		Release|Any CPU = Release|Any CPU
	EndGlobalSection
	GlobalSection(SolutionProperties) = preSolution
		HideSolutionNode = FALSE
	EndGlobalSection
	GlobalSection(ProjectConfigurationPlatforms) = postSolution
		{FB3715AB-9988-4BCF-AE50-017657863745}.Debug|Any CPU.ActiveCfg = Debug|Any CPU
		{FB3715AB-9988-4BCF-AE50-017657863745}.Debug|Any CPU.Build.0 = Debug|Any CPU
		{FB3715AB-9988-4BCF-AE50-017657863745}.Release|Any CPU.ActiveCfg = Release|Any CPU
		{FB3715AB-9988-4BCF-AE50-017657863745}.Release|Any CPU.Build.0 = Release|Any CPU
		{8F7ED431-9A11-475F-8900-D8E0C35F71CD}.Debug|Any CPU.ActiveCfg = Debug|Any CPU
		{8F7ED431-9A11-475F-8900-D8E0C35F71CD}.Debug|Any CPU.Build.0 = Debug|Any CPU
		{8F7ED431-9A11-475F-8900-D8E0C35F71CD}.Release|Any CPU.ActiveCfg = Release|Any CPU
		{8F7ED431-9A11-475F-8900-D8E0C35F71CD}.Release|Any CPU.Build.0 = Release|Any CPU
		{CE7F129E-647A-412B-A931-C31C8BE39146}.Debug|Any CPU.ActiveCfg = Debug|Any CPU
		{CE7F129E-647A-412B-A931-C31C8BE39146}.Debug|Any CPU.Build.0 = Debug|Any CPU
		{CE7F129E-647A-412B-A931-C31C8BE39146}.Release|Any CPU.ActiveCfg = Release|Any CPU
		{CE7F129E-647A-412B-A931-C31C8BE39146}.Release|Any CPU.Build.0 = Release|Any CPU
		{324BB4BC-D6B0-443C-86FC-09A00336E5AB}.Debug|Any CPU.ActiveCfg = Debug|Any CPU
		{324BB4BC-D6B0-443C-86FC-09A00336E5AB}.Debug|Any CPU.Build.0 = Debug|Any CPU
		{324BB4BC-D6B0-443C-86FC-09A00336E5AB}.Release|Any CPU.ActiveCfg = Release|Any CPU
		{324BB4BC-D6B0-443C-86FC-09A00336E5AB}.Release|Any CPU.Build.0 = Release|Any CPU
		{8D2681D5-4E93-43F4-8D2F-782B9923A722}.Debug|Any CPU.ActiveCfg = Debug|Any CPU
		{8D2681D5-4E93-43F4-8D2F-782B9923A722}.Debug|Any CPU.Build.0 = Debug|Any CPU
		{8D2681D5-4E93-43F4-8D2F-782B9923A722}.Release|Any CPU.ActiveCfg = Release|Any CPU
		{8D2681D5-4E93-43F4-8D2F-782B9923A722}.Release|Any CPU.Build.0 = Release|Any CPU
		{B79CC19A-2476-4C5B-8314-EF735DC4BDEC}.Debug|Any CPU.ActiveCfg = Debug|Any CPU
		{B79CC19A-2476-4C5B-8314-EF735DC4BDEC}.Debug|Any CPU.Build.0 = Debug|Any CPU
		{B79CC19A-2476-4C5B-8314-EF735DC4BDEC}.Release|Any CPU.ActiveCfg = Release|Any CPU
		{B79CC19A-2476-4C5B-8314-EF735DC4BDEC}.Release|Any CPU.Build.0 = Release|Any CPU
		{45A7D481-198D-447A-B83C-36F526DC1C73}.Debug|Any CPU.ActiveCfg = Debug|Any CPU
		{45A7D481-198D-447A-B83C-36F526DC1C73}.Debug|Any CPU.Build.0 = Debug|Any CPU
		{45A7D481-198D-447A-B83C-36F526DC1C73}.Release|Any CPU.ActiveCfg = Release|Any CPU
		{45A7D481-198D-447A-B83C-36F526DC1C73}.Release|Any CPU.Build.0 = Release|Any CPU
		{5BB8DCDB-BAC8-437B-AF75-E0A66F858D26}.Debug|Any CPU.ActiveCfg = Debug|Any CPU
		{5BB8DCDB-BAC8-437B-AF75-E0A66F858D26}.Debug|Any CPU.Build.0 = Debug|Any CPU
		{5BB8DCDB-BAC8-437B-AF75-E0A66F858D26}.Release|Any CPU.ActiveCfg = Release|Any CPU
		{5BB8DCDB-BAC8-437B-AF75-E0A66F858D26}.Release|Any CPU.Build.0 = Release|Any CPU
		{D8A777D6-A504-47CB-9639-9BCBB29A474A}.Debug|Any CPU.ActiveCfg = Debug|Any CPU
		{D8A777D6-A504-47CB-9639-9BCBB29A474A}.Debug|Any CPU.Build.0 = Debug|Any CPU
		{D8A777D6-A504-47CB-9639-9BCBB29A474A}.Release|Any CPU.ActiveCfg = Release|Any CPU
		{D8A777D6-A504-47CB-9639-9BCBB29A474A}.Release|Any CPU.Build.0 = Release|Any CPU
		{50833895-2657-4338-82C8-F9B25CF8248F}.Debug|Any CPU.ActiveCfg = Debug|Any CPU
		{50833895-2657-4338-82C8-F9B25CF8248F}.Debug|Any CPU.Build.0 = Debug|Any CPU
		{50833895-2657-4338-82C8-F9B25CF8248F}.Release|Any CPU.ActiveCfg = Release|Any CPU
		{50833895-2657-4338-82C8-F9B25CF8248F}.Release|Any CPU.Build.0 = Release|Any CPU
		{A40CBE8D-5867-426B-854C-958D67F751B1}.Debug|Any CPU.ActiveCfg = Debug|Any CPU
		{A40CBE8D-5867-426B-854C-958D67F751B1}.Debug|Any CPU.Build.0 = Debug|Any CPU
		{A40CBE8D-5867-426B-854C-958D67F751B1}.Release|Any CPU.ActiveCfg = Release|Any CPU
		{A40CBE8D-5867-426B-854C-958D67F751B1}.Release|Any CPU.Build.0 = Release|Any CPU
		{D8896C40-4314-436C-9012-C8B904A38D2B}.Debug|Any CPU.ActiveCfg = Debug|Any CPU
		{D8896C40-4314-436C-9012-C8B904A38D2B}.Debug|Any CPU.Build.0 = Debug|Any CPU
		{D8896C40-4314-436C-9012-C8B904A38D2B}.Release|Any CPU.ActiveCfg = Release|Any CPU
		{D8896C40-4314-436C-9012-C8B904A38D2B}.Release|Any CPU.Build.0 = Release|Any CPU
	EndGlobalSection
	GlobalSection(NestedProjects) = preSolution
		{FB3715AB-9988-4BCF-AE50-017657863745} = {2F90F48C-B487-4FDB-8DE2-C829DE90B5FE}
		{8F7ED431-9A11-475F-8900-D8E0C35F71CD} = {2F90F48C-B487-4FDB-8DE2-C829DE90B5FE}
		{CE7F129E-647A-412B-A931-C31C8BE39146} = {2F90F48C-B487-4FDB-8DE2-C829DE90B5FE}
		{324BB4BC-D6B0-443C-86FC-09A00336E5AB} = {77D1FB62-7E4D-46B7-AB8A-FADE2758C837}
		{8D2681D5-4E93-43F4-8D2F-782B9923A722} = {77D1FB62-7E4D-46B7-AB8A-FADE2758C837}
		{B79CC19A-2476-4C5B-8314-EF735DC4BDEC} = {2F90F48C-B487-4FDB-8DE2-C829DE90B5FE}
		{45A7D481-198D-447A-B83C-36F526DC1C73} = {2F90F48C-B487-4FDB-8DE2-C829DE90B5FE}
		{5BB8DCDB-BAC8-437B-AF75-E0A66F858D26} = {2F90F48C-B487-4FDB-8DE2-C829DE90B5FE}
		{D8A777D6-A504-47CB-9639-9BCBB29A474A} = {2F90F48C-B487-4FDB-8DE2-C829DE90B5FE}
		{50833895-2657-4338-82C8-F9B25CF8248F} = {2F90F48C-B487-4FDB-8DE2-C829DE90B5FE}
		{A40CBE8D-5867-426B-854C-958D67F751B1} = {77D1FB62-7E4D-46B7-AB8A-FADE2758C837}
		{D8896C40-4314-436C-9012-C8B904A38D2B} = {ACBD0406-6364-4A1E-9086-814114B694BE}
	EndGlobalSection
EndGlobal
